
Microsoft Visual Studio Solution File, Format Version 11.00
# Visual Studio 2010
Project("{FAE04EC0-301F-11D3-BF4B-00C04F79EFBC}") = "TestConsole", "InsertaFirma\TestConsole.csproj", "{485F81F5-284A-4C3B-97D2-B444ECFD1017}"
EndProject
Project("{FAE04EC0-301F-11D3-BF4B-00C04F79EFBC}") = "Utils.Office", "Siemens.AMC.Utils.Office\Utils.Office.csproj", "{74BC0273-0098-4BBC-884E-C236AFC96147}"
EndProject
Global
	GlobalSection(SolutionConfigurationPlatforms) = preSolution
		Debug|Any CPU = Debug|Any CPU
		Release|Any CPU = Release|Any CPU
	EndGlobalSection
	GlobalSection(ProjectConfigurationPlatforms) = postSolution
		{485F81F5-284A-4C3B-97D2-B444ECFD1017}.Debug|Any CPU.ActiveCfg = Debug|Any CPU
		{485F81F5-284A-4C3B-97D2-B444ECFD1017}.Debug|Any CPU.Build.0 = Debug|Any CPU
		{485F81F5-284A-4C3B-97D2-B444ECFD1017}.Release|Any CPU.ActiveCfg = Release|Any CPU
		{485F81F5-284A-4C3B-97D2-B444ECFD1017}.Release|Any CPU.Build.0 = Release|Any CPU
		{74BC0273-0098-4BBC-884E-C236AFC96147}.Debug|Any CPU.ActiveCfg = Debug|Any CPU
		{74BC0273-0098-4BBC-884E-C236AFC96147}.Debug|Any CPU.Build.0 = Debug|Any CPU
		{74BC0273-0098-4BBC-884E-C236AFC96147}.Release|Any CPU.ActiveCfg = Release|Any CPU
		{74BC0273-0098-4BBC-884E-C236AFC96147}.Release|Any CPU.Build.0 = Release|Any CPU
	EndGlobalSection
	GlobalSection(SolutionProperties) = preSolution
		HideSolutionNode = FALSE
	EndGlobalSection
EndGlobal
